
Microsoft Visual Studio Solution File, Format Version 12.00
# Visual Studio 15
VisualStudioVersion = 15.0.28307.329
MinimumVisualStudioVersion = 10.0.40219.1
Project("{2150E333-8FDC-42A3-9474-1A3956D46DE8}") = "Tests", "Tests", "{7B294146-1747-42CB-8C3E-C4161AE22B35}"
EndProject
Project("{FAE04EC0-301F-11D3-BF4B-00C04F79EFBC}") = "TestCases", "TestCases\TestCases.csproj", "{F0FFAFC1-6711-450B-873F-AB9AE7C70737}"
EndProject
Project("{FAE04EC0-301F-11D3-BF4B-00C04F79EFBC}") = "Algorithms", "Algorithms\Algorithms.csproj", "{E8D72092-63F9-4A4B-AD9E-00DDA0B8C0B5}"
EndProject
Global
	GlobalSection(SolutionConfigurationPlatforms) = preSolution
		Debug|Any CPU = Debug|Any CPU
		Release|Any CPU = Release|Any CPU
	EndGlobalSection
	GlobalSection(ProjectConfigurationPlatforms) = postSolution
		{F0FFAFC1-6711-450B-873F-AB9AE7C70737}.Debug|Any CPU.ActiveCfg = Debug|Any CPU
		{F0FFAFC1-6711-450B-873F-AB9AE7C70737}.Debug|Any CPU.Build.0 = Debug|Any CPU
		{F0FFAFC1-6711-450B-873F-AB9AE7C70737}.Release|Any CPU.ActiveCfg = Release|Any CPU
		{F0FFAFC1-6711-450B-873F-AB9AE7C70737}.Release|Any CPU.Build.0 = Release|Any CPU
		{E8D72092-63F9-4A4B-AD9E-00DDA0B8C0B5}.Debug|Any CPU.ActiveCfg = Debug|Any CPU
		{E8D72092-63F9-4A4B-AD9E-00DDA0B8C0B5}.Debug|Any CPU.Build.0 = Debug|Any CPU
		{E8D72092-63F9-4A4B-AD9E-00DDA0B8C0B5}.Release|Any CPU.ActiveCfg = Release|Any CPU
		{E8D72092-63F9-4A4B-AD9E-00DDA0B8C0B5}.Release|Any CPU.Build.0 = Release|Any CPU
	EndGlobalSection
	GlobalSection(SolutionProperties) = preSolution
		HideSolutionNode = FALSE
	EndGlobalSection
	GlobalSection(NestedProjects) = preSolution
		{F0FFAFC1-6711-450B-873F-AB9AE7C70737} = {7B294146-1747-42CB-8C3E-C4161AE22B35}
	EndGlobalSection
	GlobalSection(ExtensibilityGlobals) = postSolution
		SolutionGuid = {8DDF201E-A538-4315-ACBF-5769A1693BEA}
	EndGlobalSection
EndGlobal
